
Microsoft Visual Studio Solution File, Format Version 12.00
# Visual Studio Version 18
VisualStudioVersion = 18.5.11626.173
MinimumVisualStudioVersion = 10.0.40219.1
Project("{FAE04EC0-301F-11D3-BF4B-00C04F79EFBC}") = "LLMDesktopAssistant.Core", "LLMDesktopAssistant.Core\LLMDesktopAssistant.Core.csproj", "{431CEFDF-7621-42A9-B6E2-551A7AEF84EF}"
EndProject
Project("{FAE04EC0-301F-11D3-BF4B-00C04F79EFBC}") = "LLMDesktopAssistant.Android", "LLMDesktopAssistant.Android\LLMDesktopAssistant.Android.csproj", "{55605F69-B953-05C3-23D1-8B92E7106A32}"
EndProject
Project("{FAE04EC0-301F-11D3-BF4B-00C04F79EFBC}") = "LLMDesktopAssistant.Browser", "LLMDesktopAssistant.Browser\LLMDesktopAssistant.Browser.csproj", "{CB7F10B9-E4A0-7D60-15B1-A914A1AC1162}"
EndProject
Project("{FAE04EC0-301F-11D3-BF4B-00C04F79EFBC}") = "LLMDesktopAssistant.Desktop", "LLMDesktopAssistant.Desktop\LLMDesktopAssistant.Desktop.csproj", "{5C04DFE7-E212-0635-4A98-D4731355C554}"
EndProject
Project("{FAE04EC0-301F-11D3-BF4B-00C04F79EFBC}") = "LLMDesktopAssistant.iOS", "LLMDesktopAssistant.iOS\LLMDesktopAssistant.iOS.csproj", "{46329E21-FB2C-EA11-3182-A040A5CA0FEF}"
EndProject
Global
	GlobalSection(SolutionConfigurationPlatforms) = preSolution
		Debug|Any CPU = Debug|Any CPU
		Debug|x64 = Debug|x64
		Release|Any CPU = Release|Any CPU
		Release|x64 = Release|x64
	EndGlobalSection
	GlobalSection(ProjectConfigurationPlatforms) = postSolution
		{431CEFDF-7621-42A9-B6E2-551A7AEF84EF}.Debug|Any CPU.ActiveCfg = Debug|Any CPU
		{431CEFDF-7621-42A9-B6E2-551A7AEF84EF}.Debug|Any CPU.Build.0 = Debug|Any CPU
		{431CEFDF-7621-42A9-B6E2-551A7AEF84EF}.Debug|x64.ActiveCfg = Debug|Any CPU
		{431CEFDF-7621-42A9-B6E2-551A7AEF84EF}.Debug|x64.Build.0 = Debug|Any CPU
		{431CEFDF-7621-42A9-B6E2-551A7AEF84EF}.Release|Any CPU.ActiveCfg = Release|Any CPU
		{431CEFDF-7621-42A9-B6E2-551A7AEF84EF}.Release|Any CPU.Build.0 = Release|Any CPU
		{431CEFDF-7621-42A9-B6E2-551A7AEF84EF}.Release|x64.ActiveCfg = Release|Any CPU
		{431CEFDF-7621-42A9-B6E2-551A7AEF84EF}.Release|x64.Build.0 = Release|Any CPU
		{55605F69-B953-05C3-23D1-8B92E7106A32}.Debug|Any CPU.ActiveCfg = Debug|Any CPU
		{55605F69-B953-05C3-23D1-8B92E7106A32}.Debug|Any CPU.Build.0 = Debug|Any CPU
		{55605F69-B953-05C3-23D1-8B92E7106A32}.Debug|Any CPU.Deploy.0 = Debug|Any CPU
		{55605F69-B953-05C3-23D1-8B92E7106A32}.Debug|x64.ActiveCfg = Debug|Any CPU
		{55605F69-B953-05C3-23D1-8B92E7106A32}.Debug|x64.Build.0 = Debug|Any CPU
		{55605F69-B953-05C3-23D1-8B92E7106A32}.Debug|x64.Deploy.0 = Debug|Any CPU
		{55605F69-B953-05C3-23D1-8B92E7106A32}.Release|Any CPU.ActiveCfg = Release|Any CPU
		{55605F69-B953-05C3-23D1-8B92E7106A32}.Release|Any CPU.Build.0 = Release|Any CPU
		{55605F69-B953-05C3-23D1-8B92E7106A32}.Release|Any CPU.Deploy.0 = Release|Any CPU
		{55605F69-B953-05C3-23D1-8B92E7106A32}.Release|x64.ActiveCfg = Release|Any CPU
		{55605F69-B953-05C3-23D1-8B92E7106A32}.Release|x64.Build.0 = Release|Any CPU
		{55605F69-B953-05C3-23D1-8B92E7106A32}.Release|x64.Deploy.0 = Release|Any CPU
		{CB7F10B9-E4A0-7D60-15B1-A914A1AC1162}.Debug|Any CPU.ActiveCfg = Debug|Any CPU
		{CB7F10B9-E4A0-7D60-15B1-A914A1AC1162}.Debug|Any CPU.Build.0 = Debug|Any CPU
		{CB7F10B9-E4A0-7D60-15B1-A914A1AC1162}.Debug|x64.ActiveCfg = Debug|Any CPU
		{CB7F10B9-E4A0-7D60-15B1-A914A1AC1162}.Debug|x64.Build.0 = Debug|Any CPU
		{CB7F10B9-E4A0-7D60-15B1-A914A1AC1162}.Release|Any CPU.ActiveCfg = Release|Any CPU
		{CB7F10B9-E4A0-7D60-15B1-A914A1AC1162}.Release|Any CPU.Build.0 = Release|Any CPU
		{CB7F10B9-E4A0-7D60-15B1-A914A1AC1162}.Release|x64.ActiveCfg = Release|Any CPU
		{CB7F10B9-E4A0-7D60-15B1-A914A1AC1162}.Release|x64.Build.0 = Release|Any CPU
		{5C04DFE7-E212-0635-4A98-D4731355C554}.Debug|Any CPU.ActiveCfg = Debug|Any CPU
		{5C04DFE7-E212-0635-4A98-D4731355C554}.Debug|Any CPU.Build.0 = Debug|Any CPU
		{5C04DFE7-E212-0635-4A98-D4731355C554}.Debug|x64.ActiveCfg = Debug|Any CPU
		{5C04DFE7-E212-0635-4A98-D4731355C554}.Debug|x64.Build.0 = Debug|Any CPU
		{5C04DFE7-E212-0635-4A98-D4731355C554}.Release|Any CPU.ActiveCfg = Release|Any CPU
		{5C04DFE7-E212-0635-4A98-D4731355C554}.Release|Any CPU.Build.0 = Release|Any CPU
		{5C04DFE7-E212-0635-4A98-D4731355C554}.Release|x64.ActiveCfg = Release|Any CPU
		{5C04DFE7-E212-0635-4A98-D4731355C554}.Release|x64.Build.0 = Release|Any CPU
		{46329E21-FB2C-EA11-3182-A040A5CA0FEF}.Debug|Any CPU.ActiveCfg = Debug|Any CPU
		{46329E21-FB2C-EA11-3182-A040A5CA0FEF}.Debug|Any CPU.Build.0 = Debug|Any CPU
		{46329E21-FB2C-EA11-3182-A040A5CA0FEF}.Debug|Any CPU.Deploy.0 = Debug|Any CPU
		{46329E21-FB2C-EA11-3182-A040A5CA0FEF}.Debug|x64.ActiveCfg = Debug|Any CPU
		{46329E21-FB2C-EA11-3182-A040A5CA0FEF}.Debug|x64.Build.0 = Debug|Any CPU
		{46329E21-FB2C-EA11-3182-A040A5CA0FEF}.Debug|x64.Deploy.0 = Debug|Any CPU
		{46329E21-FB2C-EA11-3182-A040A5CA0FEF}.Release|Any CPU.ActiveCfg = Release|Any CPU
		{46329E21-FB2C-EA11-3182-A040A5CA0FEF}.Release|Any CPU.Build.0 = Release|Any CPU
		{46329E21-FB2C-EA11-3182-A040A5CA0FEF}.Release|Any CPU.Deploy.0 = Release|Any CPU
		{46329E21-FB2C-EA11-3182-A040A5CA0FEF}.Release|x64.ActiveCfg = Release|Any CPU
		{46329E21-FB2C-EA11-3182-A040A5CA0FEF}.Release|x64.Build.0 = Release|Any CPU
		{46329E21-FB2C-EA11-3182-A040A5CA0FEF}.Release|x64.Deploy.0 = Release|Any CPU
	EndGlobalSection
	GlobalSection(SolutionProperties) = preSolution
		HideSolutionNode = FALSE
	EndGlobalSection
	GlobalSection(ExtensibilityGlobals) = postSolution
		SolutionGuid = {38665646-9D27-48D7-ABE2-868D1C92F182}
	EndGlobalSection
EndGlobal
